
Microsoft Visual Studio Solution File, Format Version 12.00
# Visual Studio Version 17
VisualStudioVersion = 17.14.36511.14 d17.14
MinimumVisualStudioVersion = 10.0.40219.1
Project("{FAE04EC0-301F-11D3-BF4B-00C04F79EFBC}") = "ArenaGameLib", "ArenaGameLib\ArenaGameLib.csproj", "{88CA0310-73AC-4B3B-BB04-71BCE3F0AB13}"
EndProject
Project("{FAE04EC0-301F-11D3-BF4B-00C04F79EFBC}") = "ArenaGameConsole", "ArenaGameConsole\ArenaGameConsole.csproj", "{CC2748ED-B9C3-43DE-9D58-F85700E6775C}"
EndProject
Global
	GlobalSection(SolutionConfigurationPlatforms) = preSolution
		Debug|Any CPU = Debug|Any CPU
		Release|Any CPU = Release|Any CPU
	EndGlobalSection
	GlobalSection(ProjectConfigurationPlatforms) = postSolution
		{88CA0310-73AC-4B3B-BB04-71BCE3F0AB13}.Debug|Any CPU.ActiveCfg = Debug|Any CPU
		{88CA0310-73AC-4B3B-BB04-71BCE3F0AB13}.Debug|Any CPU.Build.0 = Debug|Any CPU
		{88CA0310-73AC-4B3B-BB04-71BCE3F0AB13}.Release|Any CPU.ActiveCfg = Release|Any CPU
		{88CA0310-73AC-4B3B-BB04-71BCE3F0AB13}.Release|Any CPU.Build.0 = Release|Any CPU
		{CC2748ED-B9C3-43DE-9D58-F85700E6775C}.Debug|Any CPU.ActiveCfg = Debug|Any CPU
		{CC2748ED-B9C3-43DE-9D58-F85700E6775C}.Debug|Any CPU.Build.0 = Debug|Any CPU
		{CC2748ED-B9C3-43DE-9D58-F85700E6775C}.Release|Any CPU.ActiveCfg = Release|Any CPU
		{CC2748ED-B9C3-43DE-9D58-F85700E6775C}.Release|Any CPU.Build.0 = Release|Any CPU
	EndGlobalSection
	GlobalSection(SolutionProperties) = preSolution
		HideSolutionNode = FALSE
	EndGlobalSection
	GlobalSection(ExtensibilityGlobals) = postSolution
		SolutionGuid = {483C4053-2807-48CF-A53F-03B9CE96C897}
	EndGlobalSection
EndGlobal
